
Microsoft Visual Studio Solution File, Format Version 12.00
# Visual Studio Version 17
VisualStudioVersion = 17.0.31912.275
MinimumVisualStudioVersion = 10.0.40219.1
Project("{9A19103F-16F7-4668-BE54-9A1E7A4F7556}") = "YMSweb", "YMSweb\YMSweb.csproj", "{4F4CBCF5-FFC3-4E88-88F4-3D6C04E5A9BA}"
EndProject
Project("{9A19103F-16F7-4668-BE54-9A1E7A4F7556}") = "YMSweb.common", "YMSweb.common\YMSweb.common.csproj", "{19248B5A-4464-47DC-B7C9-F7379D8899B2}"
EndProject
Project("{9A19103F-16F7-4668-BE54-9A1E7A4F7556}") = "YMSweb.prism", "YMSweb.prism\YMSweb.prism\YMSweb.prism.csproj", "{D62372CB-F401-411B-B335-4568DA42FCCE}"
EndProject
Project("{FAE04EC0-301F-11D3-BF4B-00C04F79EFBC}") = "YMSweb.prism.Android", "YMSweb.prism\YMSweb.prism.Android\YMSweb.prism.Android.csproj", "{AE0544A0-364B-4666-A4D7-085803BED983}"
EndProject
Project("{FAE04EC0-301F-11D3-BF4B-00C04F79EFBC}") = "YMSweb.prism.iOS", "YMSweb.prism\YMSweb.prism.iOS\YMSweb.prism.iOS.csproj", "{E7E9403D-A77E-4745-ABBE-DD5700BA25D0}"
EndProject
Project("{FAE04EC0-301F-11D3-BF4B-00C04F79EFBC}") = "YMSweb.cross.android", "YMSweb.cross.android\YMSweb.cross.android.csproj", "{5800B1B5-524F-4DF4-AEF7-7267FDB27B9F}"
EndProject
Project("{FAE04EC0-301F-11D3-BF4B-00C04F79EFBC}") = "YMSweb.cross.ios", "YMSweb.cross.ios\YMSweb.cross.ios.csproj", "{5D76EC98-4783-4717-9089-2B3F2863C342}"
EndProject
Global
	GlobalSection(SolutionConfigurationPlatforms) = preSolution
		Ad-Hoc|Any CPU = Ad-Hoc|Any CPU
		Ad-Hoc|iPhone = Ad-Hoc|iPhone
		Ad-Hoc|iPhoneSimulator = Ad-Hoc|iPhoneSimulator
		AppStore|Any CPU = AppStore|Any CPU
		AppStore|iPhone = AppStore|iPhone
		AppStore|iPhoneSimulator = AppStore|iPhoneSimulator
		Debug|Any CPU = Debug|Any CPU
		Debug|iPhone = Debug|iPhone
		Debug|iPhoneSimulator = Debug|iPhoneSimulator
		Release|Any CPU = Release|Any CPU
		Release|iPhone = Release|iPhone
		Release|iPhoneSimulator = Release|iPhoneSimulator
	EndGlobalSection
	GlobalSection(ProjectConfigurationPlatforms) = postSolution
		{4F4CBCF5-FFC3-4E88-88F4-3D6C04E5A9BA}.Ad-Hoc|Any CPU.ActiveCfg = Release|Any CPU
		{4F4CBCF5-FFC3-4E88-88F4-3D6C04E5A9BA}.Ad-Hoc|Any CPU.Build.0 = Release|Any CPU
		{4F4CBCF5-FFC3-4E88-88F4-3D6C04E5A9BA}.Ad-Hoc|iPhone.ActiveCfg = Release|Any CPU
		{4F4CBCF5-FFC3-4E88-88F4-3D6C04E5A9BA}.Ad-Hoc|iPhone.Build.0 = Release|Any CPU
		{4F4CBCF5-FFC3-4E88-88F4-3D6C04E5A9BA}.Ad-Hoc|iPhoneSimulator.ActiveCfg = Release|Any CPU
		{4F4CBCF5-FFC3-4E88-88F4-3D6C04E5A9BA}.Ad-Hoc|iPhoneSimulator.Build.0 = Release|Any CPU
		{4F4CBCF5-FFC3-4E88-88F4-3D6C04E5A9BA}.AppStore|Any CPU.ActiveCfg = Release|Any CPU
		{4F4CBCF5-FFC3-4E88-88F4-3D6C04E5A9BA}.AppStore|Any CPU.Build.0 = Release|Any CPU
		{4F4CBCF5-FFC3-4E88-88F4-3D6C04E5A9BA}.AppStore|iPhone.ActiveCfg = Release|Any CPU
		{4F4CBCF5-FFC3-4E88-88F4-3D6C04E5A9BA}.AppStore|iPhone.Build.0 = Release|Any CPU
		{4F4CBCF5-FFC3-4E88-88F4-3D6C04E5A9BA}.AppStore|iPhoneSimulator.ActiveCfg = Release|Any CPU
		{4F4CBCF5-FFC3-4E88-88F4-3D6C04E5A9BA}.AppStore|iPhoneSimulator.Build.0 = Release|Any CPU
		{4F4CBCF5-FFC3-4E88-88F4-3D6C04E5A9BA}.Debug|Any CPU.ActiveCfg = Debug|Any CPU
		{4F4CBCF5-FFC3-4E88-88F4-3D6C04E5A9BA}.Debug|Any CPU.Build.0 = Debug|Any CPU
		{4F4CBCF5-FFC3-4E88-88F4-3D6C04E5A9BA}.Debug|iPhone.ActiveCfg = Debug|Any CPU
		{4F4CBCF5-FFC3-4E88-88F4-3D6C04E5A9BA}.Debug|iPhone.Build.0 = Debug|Any CPU
		{4F4CBCF5-FFC3-4E88-88F4-3D6C04E5A9BA}.Debug|iPhoneSimulator.ActiveCfg = Debug|Any CPU
		{4F4CBCF5-FFC3-4E88-88F4-3D6C04E5A9BA}.Debug|iPhoneSimulator.Build.0 = Debug|Any CPU
		{4F4CBCF5-FFC3-4E88-88F4-3D6C04E5A9BA}.Release|Any CPU.ActiveCfg = Release|Any CPU
		{4F4CBCF5-FFC3-4E88-88F4-3D6C04E5A9BA}.Release|Any CPU.Build.0 = Release|Any CPU
		{4F4CBCF5-FFC3-4E88-88F4-3D6C04E5A9BA}.Release|iPhone.ActiveCfg = Release|Any CPU
		{4F4CBCF5-FFC3-4E88-88F4-3D6C04E5A9BA}.Release|iPhone.Build.0 = Release|Any CPU
		{4F4CBCF5-FFC3-4E88-88F4-3D6C04E5A9BA}.Release|iPhoneSimulator.ActiveCfg = Release|Any CPU
		{4F4CBCF5-FFC3-4E88-88F4-3D6C04E5A9BA}.Release|iPhoneSimulator.Build.0 = Release|Any CPU
		{19248B5A-4464-47DC-B7C9-F7379D8899B2}.Ad-Hoc|Any CPU.ActiveCfg = Debug|Any CPU
		{19248B5A-4464-47DC-B7C9-F7379D8899B2}.Ad-Hoc|Any CPU.Build.0 = Debug|Any CPU
		{19248B5A-4464-47DC-B7C9-F7379D8899B2}.Ad-Hoc|iPhone.ActiveCfg = Debug|Any CPU
		{19248B5A-4464-47DC-B7C9-F7379D8899B2}.Ad-Hoc|iPhone.Build.0 = Debug|Any CPU
		{19248B5A-4464-47DC-B7C9-F7379D8899B2}.Ad-Hoc|iPhoneSimulator.ActiveCfg = Debug|Any CPU
		{19248B5A-4464-47DC-B7C9-F7379D8899B2}.Ad-Hoc|iPhoneSimulator.Build.0 = Debug|Any CPU
		{19248B5A-4464-47DC-B7C9-F7379D8899B2}.AppStore|Any CPU.ActiveCfg = Debug|Any CPU
		{19248B5A-4464-47DC-B7C9-F7379D8899B2}.AppStore|Any CPU.Build.0 = Debug|Any CPU
		{19248B5A-4464-47DC-B7C9-F7379D8899B2}.AppStore|iPhone.ActiveCfg = Debug|Any CPU
		{19248B5A-4464-47DC-B7C9-F7379D8899B2}.AppStore|iPhone.Build.0 = Debug|Any CPU
		{19248B5A-4464-47DC-B7C9-F7379D8899B2}.AppStore|iPhoneSimulator.ActiveCfg = Debug|Any CPU
		{19248B5A-4464-47DC-B7C9-F7379D8899B2}.AppStore|iPhoneSimulator.Build.0 = Debug|Any CPU
		{19248B5A-4464-47DC-B7C9-F7379D8899B2}.Debug|Any CPU.ActiveCfg = Debug|Any CPU
		{19248B5A-4464-47DC-B7C9-F7379D8899B2}.Debug|Any CPU.Build.0 = Debug|Any CPU
		{19248B5A-4464-47DC-B7C9-F7379D8899B2}.Debug|iPhone.ActiveCfg = Debug|Any CPU
		{19248B5A-4464-47DC-B7C9-F7379D8899B2}.Debug|iPhone.Build.0 = Debug|Any CPU
		{19248B5A-4464-47DC-B7C9-F7379D8899B2}.Debug|iPhoneSimulator.ActiveCfg = Debug|Any CPU
		{19248B5A-4464-47DC-B7C9-F7379D8899B2}.Debug|iPhoneSimulator.Build.0 = Debug|Any CPU
		{19248B5A-4464-47DC-B7C9-F7379D8899B2}.Release|Any CPU.ActiveCfg = Release|Any CPU
		{19248B5A-4464-47DC-B7C9-F7379D8899B2}.Release|Any CPU.Build.0 = Release|Any CPU
		{19248B5A-4464-47DC-B7C9-F7379D8899B2}.Release|iPhone.ActiveCfg = Release|Any CPU
		{19248B5A-4464-47DC-B7C9-F7379D8899B2}.Release|iPhone.Build.0 = Release|Any CPU
		{19248B5A-4464-47DC-B7C9-F7379D8899B2}.Release|iPhoneSimulator.ActiveCfg = Release|Any CPU
		{19248B5A-4464-47DC-B7C9-F7379D8899B2}.Release|iPhoneSimulator.Build.0 = Release|Any CPU
		{D62372CB-F401-411B-B335-4568DA42FCCE}.Ad-Hoc|Any CPU.ActiveCfg = Debug|Any CPU
		{D62372CB-F401-411B-B335-4568DA42FCCE}.Ad-Hoc|Any CPU.Build.0 = Debug|Any CPU
		{D62372CB-F401-411B-B335-4568DA42FCCE}.Ad-Hoc|iPhone.ActiveCfg = Debug|Any CPU
		{D62372CB-F401-411B-B335-4568DA42FCCE}.Ad-Hoc|iPhone.Build.0 = Debug|Any CPU
		{D62372CB-F401-411B-B335-4568DA42FCCE}.Ad-Hoc|iPhoneSimulator.ActiveCfg = Debug|Any CPU
		{D62372CB-F401-411B-B335-4568DA42FCCE}.Ad-Hoc|iPhoneSimulator.Build.0 = Debug|Any CPU
		{D62372CB-F401-411B-B335-4568DA42FCCE}.AppStore|Any CPU.ActiveCfg = Debug|Any CPU
		{D62372CB-F401-411B-B335-4568DA42FCCE}.AppStore|Any CPU.Build.0 = Debug|Any CPU
		{D62372CB-F401-411B-B335-4568DA42FCCE}.AppStore|iPhone.ActiveCfg = Debug|Any CPU
		{D62372CB-F401-411B-B335-4568DA42FCCE}.AppStore|iPhone.Build.0 = Debug|Any CPU
		{D62372CB-F401-411B-B335-4568DA42FCCE}.AppStore|iPhoneSimulator.ActiveCfg = Debug|Any CPU
		{D62372CB-F401-411B-B335-4568DA42FCCE}.AppStore|iPhoneSimulator.Build.0 = Debug|Any CPU
		{D62372CB-F401-411B-B335-4568DA42FCCE}.Debug|Any CPU.ActiveCfg = Debug|Any CPU
		{D62372CB-F401-411B-B335-4568DA42FCCE}.Debug|Any CPU.Build.0 = Debug|Any CPU
		{D62372CB-F401-411B-B335-4568DA42FCCE}.Debug|iPhone.ActiveCfg = Debug|Any CPU
		{D62372CB-F401-411B-B335-4568DA42FCCE}.Debug|iPhone.Build.0 = Debug|Any CPU
		{D62372CB-F401-411B-B335-4568DA42FCCE}.Debug|iPhoneSimulator.ActiveCfg = Debug|Any CPU
		{D62372CB-F401-411B-B335-4568DA42FCCE}.Debug|iPhoneSimulator.Build.0 = Debug|Any CPU
		{D62372CB-F401-411B-B335-4568DA42FCCE}.Release|Any CPU.ActiveCfg = Release|Any CPU
		{D62372CB-F401-411B-B335-4568DA42FCCE}.Release|Any CPU.Build.0 = Release|Any CPU
		{D62372CB-F401-411B-B335-4568DA42FCCE}.Release|iPhone.ActiveCfg = Release|Any CPU
		{D62372CB-F401-411B-B335-4568DA42FCCE}.Release|iPhone.Build.0 = Release|Any CPU
		{D62372CB-F401-411B-B335-4568DA42FCCE}.Release|iPhoneSimulator.ActiveCfg = Release|Any CPU
		{D62372CB-F401-411B-B335-4568DA42FCCE}.Release|iPhoneSimulator.Build.0 = Release|Any CPU
		{AE0544A0-364B-4666-A4D7-085803BED983}.Ad-Hoc|Any CPU.ActiveCfg = Debug|Any CPU
		{AE0544A0-364B-4666-A4D7-085803BED983}.Ad-Hoc|Any CPU.Build.0 = Debug|Any CPU
		{AE0544A0-364B-4666-A4D7-085803BED983}.Ad-Hoc|Any CPU.Deploy.0 = Debug|Any CPU
		{AE0544A0-364B-4666-A4D7-085803BED983}.Ad-Hoc|iPhone.ActiveCfg = Debug|Any CPU
		{AE0544A0-364B-4666-A4D7-085803BED983}.Ad-Hoc|iPhone.Build.0 = Debug|Any CPU
		{AE0544A0-364B-4666-A4D7-085803BED983}.Ad-Hoc|iPhone.Deploy.0 = Debug|Any CPU
		{AE0544A0-364B-4666-A4D7-085803BED983}.Ad-Hoc|iPhoneSimulator.ActiveCfg = Debug|Any CPU
		{AE0544A0-364B-4666-A4D7-085803BED983}.Ad-Hoc|iPhoneSimulator.Build.0 = Debug|Any CPU
		{AE0544A0-364B-4666-A4D7-085803BED983}.Ad-Hoc|iPhoneSimulator.Deploy.0 = Debug|Any CPU
		{AE0544A0-364B-4666-A4D7-085803BED983}.AppStore|Any CPU.ActiveCfg = Debug|Any CPU
		{AE0544A0-364B-4666-A4D7-085803BED983}.AppStore|Any CPU.Build.0 = Debug|Any CPU
		{AE0544A0-364B-4666-A4D7-085803BED983}.AppStore|Any CPU.Deploy.0 = Debug|Any CPU
		{AE0544A0-364B-4666-A4D7-085803BED983}.AppStore|iPhone.ActiveCfg = Debug|Any CPU
		{AE0544A0-364B-4666-A4D7-085803BED983}.AppStore|iPhone.Build.0 = Debug|Any CPU
		{AE0544A0-364B-4666-A4D7-085803BED983}.AppStore|iPhone.Deploy.0 = Debug|Any CPU
		{AE0544A0-364B-4666-A4D7-085803BED983}.AppStore|iPhoneSimulator.ActiveCfg = Debug|Any CPU
		{AE0544A0-364B-4666-A4D7-085803BED983}.AppStore|iPhoneSimulator.Build.0 = Debug|Any CPU
		{AE0544A0-364B-4666-A4D7-085803BED983}.AppStore|iPhoneSimulator.Deploy.0 = Debug|Any CPU
		{AE0544A0-364B-4666-A4D7-085803BED983}.Debug|Any CPU.ActiveCfg = Debug|Any CPU
		{AE0544A0-364B-4666-A4D7-085803BED983}.Debug|Any CPU.Build.0 = Debug|Any CPU
		{AE0544A0-364B-4666-A4D7-085803BED983}.Debug|Any CPU.Deploy.0 = Debug|Any CPU
		{AE0544A0-364B-4666-A4D7-085803BED983}.Debug|iPhone.ActiveCfg = Debug|Any CPU
		{AE0544A0-364B-4666-A4D7-085803BED983}.Debug|iPhone.Build.0 = Debug|Any CPU
		{AE0544A0-364B-4666-A4D7-085803BED983}.Debug|iPhone.Deploy.0 = Debug|Any CPU
		{AE0544A0-364B-4666-A4D7-085803BED983}.Debug|iPhoneSimulator.ActiveCfg = Debug|Any CPU
		{AE0544A0-364B-4666-A4D7-085803BED983}.Debug|iPhoneSimulator.Build.0 = Debug|Any CPU
		{AE0544A0-364B-4666-A4D7-085803BED983}.Debug|iPhoneSimulator.Deploy.0 = Debug|Any CPU
		{AE0544A0-364B-4666-A4D7-085803BED983}.Release|Any CPU.ActiveCfg = Release|Any CPU
		{AE0544A0-364B-4666-A4D7-085803BED983}.Release|Any CPU.Build.0 = Release|Any CPU
		{AE0544A0-364B-4666-A4D7-085803BED983}.Release|Any CPU.Deploy.0 = Release|Any CPU
		{AE0544A0-364B-4666-A4D7-085803BED983}.Release|iPhone.ActiveCfg = Release|Any CPU
		{AE0544A0-364B-4666-A4D7-085803BED983}.Release|iPhone.Build.0 = Release|Any CPU
		{AE0544A0-364B-4666-A4D7-085803BED983}.Release|iPhone.Deploy.0 = Release|Any CPU
		{AE0544A0-364B-4666-A4D7-085803BED983}.Release|iPhoneSimulator.ActiveCfg = Release|Any CPU
		{AE0544A0-364B-4666-A4D7-085803BED983}.Release|iPhoneSimulator.Build.0 = Release|Any CPU
		{AE0544A0-364B-4666-A4D7-085803BED983}.Release|iPhoneSimulator.Deploy.0 = Release|Any CPU
		{E7E9403D-A77E-4745-ABBE-DD5700BA25D0}.Ad-Hoc|Any CPU.ActiveCfg = Ad-Hoc|iPhoneSimulator
		{E7E9403D-A77E-4745-ABBE-DD5700BA25D0}.Ad-Hoc|iPhone.ActiveCfg = Ad-Hoc|iPhone
		{E7E9403D-A77E-4745-ABBE-DD5700BA25D0}.Ad-Hoc|iPhone.Build.0 = Ad-Hoc|iPhone
		{E7E9403D-A77E-4745-ABBE-DD5700BA25D0}.Ad-Hoc|iPhoneSimulator.ActiveCfg = Ad-Hoc|iPhoneSimulator
		{E7E9403D-A77E-4745-ABBE-DD5700BA25D0}.Ad-Hoc|iPhoneSimulator.Build.0 = Ad-Hoc|iPhoneSimulator
		{E7E9403D-A77E-4745-ABBE-DD5700BA25D0}.AppStore|Any CPU.ActiveCfg = AppStore|iPhoneSimulator
		{E7E9403D-A77E-4745-ABBE-DD5700BA25D0}.AppStore|iPhone.ActiveCfg = AppStore|iPhone
		{E7E9403D-A77E-4745-ABBE-DD5700BA25D0}.AppStore|iPhone.Build.0 = AppStore|iPhone
		{E7E9403D-A77E-4745-ABBE-DD5700BA25D0}.AppStore|iPhoneSimulator.ActiveCfg = AppStore|iPhoneSimulator
		{E7E9403D-A77E-4745-ABBE-DD5700BA25D0}.AppStore|iPhoneSimulator.Build.0 = AppStore|iPhoneSimulator
		{E7E9403D-A77E-4745-ABBE-DD5700BA25D0}.Debug|Any CPU.ActiveCfg = Debug|iPhoneSimulator
		{E7E9403D-A77E-4745-ABBE-DD5700BA25D0}.Debug|iPhone.ActiveCfg = Debug|iPhone
		{E7E9403D-A77E-4745-ABBE-DD5700BA25D0}.Debug|iPhone.Build.0 = Debug|iPhone
		{E7E9403D-A77E-4745-ABBE-DD5700BA25D0}.Debug|iPhoneSimulator.ActiveCfg = Debug|iPhoneSimulator
		{E7E9403D-A77E-4745-ABBE-DD5700BA25D0}.Debug|iPhoneSimulator.Build.0 = Debug|iPhoneSimulator
		{E7E9403D-A77E-4745-ABBE-DD5700BA25D0}.Release|Any CPU.ActiveCfg = Release|iPhoneSimulator
		{E7E9403D-A77E-4745-ABBE-DD5700BA25D0}.Release|iPhone.ActiveCfg = Release|iPhone
		{E7E9403D-A77E-4745-ABBE-DD5700BA25D0}.Release|iPhone.Build.0 = Release|iPhone
		{E7E9403D-A77E-4745-ABBE-DD5700BA25D0}.Release|iPhoneSimulator.ActiveCfg = Release|iPhoneSimulator
		{E7E9403D-A77E-4745-ABBE-DD5700BA25D0}.Release|iPhoneSimulator.Build.0 = Release|iPhoneSimulator
		{5800B1B5-524F-4DF4-AEF7-7267FDB27B9F}.Ad-Hoc|Any CPU.ActiveCfg = Debug|Any CPU
		{5800B1B5-524F-4DF4-AEF7-7267FDB27B9F}.Ad-Hoc|Any CPU.Build.0 = Debug|Any CPU
		{5800B1B5-524F-4DF4-AEF7-7267FDB27B9F}.Ad-Hoc|Any CPU.Deploy.0 = Debug|Any CPU
		{5800B1B5-524F-4DF4-AEF7-7267FDB27B9F}.Ad-Hoc|iPhone.ActiveCfg = Debug|Any CPU
		{5800B1B5-524F-4DF4-AEF7-7267FDB27B9F}.Ad-Hoc|iPhone.Build.0 = Debug|Any CPU
		{5800B1B5-524F-4DF4-AEF7-7267FDB27B9F}.Ad-Hoc|iPhone.Deploy.0 = Debug|Any CPU
		{5800B1B5-524F-4DF4-AEF7-7267FDB27B9F}.Ad-Hoc|iPhoneSimulator.ActiveCfg = Debug|Any CPU
		{5800B1B5-524F-4DF4-AEF7-7267FDB27B9F}.Ad-Hoc|iPhoneSimulator.Build.0 = Debug|Any CPU
		{5800B1B5-524F-4DF4-AEF7-7267FDB27B9F}.Ad-Hoc|iPhoneSimulator.Deploy.0 = Debug|Any CPU
		{5800B1B5-524F-4DF4-AEF7-7267FDB27B9F}.AppStore|Any CPU.ActiveCfg = Debug|Any CPU
		{5800B1B5-524F-4DF4-AEF7-7267FDB27B9F}.AppStore|Any CPU.Build.0 = Debug|Any CPU
		{5800B1B5-524F-4DF4-AEF7-7267FDB27B9F}.AppStore|Any CPU.Deploy.0 = Debug|Any CPU
		{5800B1B5-524F-4DF4-AEF7-7267FDB27B9F}.AppStore|iPhone.ActiveCfg = Debug|Any CPU
		{5800B1B5-524F-4DF4-AEF7-7267FDB27B9F}.AppStore|iPhone.Build.0 = Debug|Any CPU
		{5800B1B5-524F-4DF4-AEF7-7267FDB27B9F}.AppStore|iPhone.Deploy.0 = Debug|Any CPU
		{5800B1B5-524F-4DF4-AEF7-7267FDB27B9F}.AppStore|iPhoneSimulator.ActiveCfg = Debug|Any CPU
		{5800B1B5-524F-4DF4-AEF7-7267FDB27B9F}.AppStore|iPhoneSimulator.Build.0 = Debug|Any CPU
		{5800B1B5-524F-4DF4-AEF7-7267FDB27B9F}.AppStore|iPhoneSimulator.Deploy.0 = Debug|Any CPU
		{5800B1B5-524F-4DF4-AEF7-7267FDB27B9F}.Debug|Any CPU.ActiveCfg = Debug|Any CPU
		{5800B1B5-524F-4DF4-AEF7-7267FDB27B9F}.Debug|Any CPU.Build.0 = Debug|Any CPU
		{5800B1B5-524F-4DF4-AEF7-7267FDB27B9F}.Debug|Any CPU.Deploy.0 = Debug|Any CPU
		{5800B1B5-524F-4DF4-AEF7-7267FDB27B9F}.Debug|iPhone.ActiveCfg = Debug|Any CPU
		{5800B1B5-524F-4DF4-AEF7-7267FDB27B9F}.Debug|iPhone.Build.0 = Debug|Any CPU
		{5800B1B5-524F-4DF4-AEF7-7267FDB27B9F}.Debug|iPhone.Deploy.0 = Debug|Any CPU
		{5800B1B5-524F-4DF4-AEF7-7267FDB27B9F}.Debug|iPhoneSimulator.ActiveCfg = Debug|Any CPU
		{5800B1B5-524F-4DF4-AEF7-7267FDB27B9F}.Debug|iPhoneSimulator.Build.0 = Debug|Any CPU
		{5800B1B5-524F-4DF4-AEF7-7267FDB27B9F}.Debug|iPhoneSimulator.Deploy.0 = Debug|Any CPU
		{5800B1B5-524F-4DF4-AEF7-7267FDB27B9F}.Release|Any CPU.ActiveCfg = Release|Any CPU
		{5800B1B5-524F-4DF4-AEF7-7267FDB27B9F}.Release|Any CPU.Build.0 = Release|Any CPU
		{5800B1B5-524F-4DF4-AEF7-7267FDB27B9F}.Release|Any CPU.Deploy.0 = Release|Any CPU
		{5800B1B5-524F-4DF4-AEF7-7267FDB27B9F}.Release|iPhone.ActiveCfg = Release|Any CPU
		{5800B1B5-524F-4DF4-AEF7-7267FDB27B9F}.Release|iPhone.Build.0 = Release|Any CPU
		{5800B1B5-524F-4DF4-AEF7-7267FDB27B9F}.Release|iPhone.Deploy.0 = Release|Any CPU
		{5800B1B5-524F-4DF4-AEF7-7267FDB27B9F}.Release|iPhoneSimulator.ActiveCfg = Release|Any CPU
		{5800B1B5-524F-4DF4-AEF7-7267FDB27B9F}.Release|iPhoneSimulator.Build.0 = Release|Any CPU
		{5800B1B5-524F-4DF4-AEF7-7267FDB27B9F}.Release|iPhoneSimulator.Deploy.0 = Release|Any CPU
		{5D76EC98-4783-4717-9089-2B3F2863C342}.Ad-Hoc|Any CPU.ActiveCfg = Debug|iPhoneSimulator
		{5D76EC98-4783-4717-9089-2B3F2863C342}.Ad-Hoc|Any CPU.Build.0 = Debug|iPhoneSimulator
		{5D76EC98-4783-4717-9089-2B3F2863C342}.Ad-Hoc|iPhone.ActiveCfg = Debug|iPhone
		{5D76EC98-4783-4717-9089-2B3F2863C342}.Ad-Hoc|iPhone.Build.0 = Debug|iPhone
		{5D76EC98-4783-4717-9089-2B3F2863C342}.Ad-Hoc|iPhoneSimulator.ActiveCfg = Debug|iPhoneSimulator
		{5D76EC98-4783-4717-9089-2B3F2863C342}.Ad-Hoc|iPhoneSimulator.Build.0 = Debug|iPhoneSimulator
		{5D76EC98-4783-4717-9089-2B3F2863C342}.AppStore|Any CPU.ActiveCfg = Debug|iPhoneSimulator
		{5D76EC98-4783-4717-9089-2B3F2863C342}.AppStore|Any CPU.Build.0 = Debug|iPhoneSimulator
		{5D76EC98-4783-4717-9089-2B3F2863C342}.AppStore|iPhone.ActiveCfg = Debug|iPhone
		{5D76EC98-4783-4717-9089-2B3F2863C342}.AppStore|iPhone.Build.0 = Debug|iPhone
		{5D76EC98-4783-4717-9089-2B3F2863C342}.AppStore|iPhoneSimulator.ActiveCfg = Debug|iPhoneSimulator
		{5D76EC98-4783-4717-9089-2B3F2863C342}.AppStore|iPhoneSimulator.Build.0 = Debug|iPhoneSimulator
		{5D76EC98-4783-4717-9089-2B3F2863C342}.Debug|Any CPU.ActiveCfg = Debug|iPhoneSimulator
		{5D76EC98-4783-4717-9089-2B3F2863C342}.Debug|iPhone.ActiveCfg = Debug|iPhone
		{5D76EC98-4783-4717-9089-2B3F2863C342}.Debug|iPhone.Build.0 = Debug|iPhone
		{5D76EC98-4783-4717-9089-2B3F2863C342}.Debug|iPhoneSimulator.ActiveCfg = Debug|iPhoneSimulator
		{5D76EC98-4783-4717-9089-2B3F2863C342}.Debug|iPhoneSimulator.Build.0 = Debug|iPhoneSimulator
		{5D76EC98-4783-4717-9089-2B3F2863C342}.Release|Any CPU.ActiveCfg = Release|iPhoneSimulator
		{5D76EC98-4783-4717-9089-2B3F2863C342}.Release|iPhone.ActiveCfg = Release|iPhone
		{5D76EC98-4783-4717-9089-2B3F2863C342}.Release|iPhone.Build.0 = Release|iPhone
		{5D76EC98-4783-4717-9089-2B3F2863C342}.Release|iPhoneSimulator.ActiveCfg = Release|iPhoneSimulator
		{5D76EC98-4783-4717-9089-2B3F2863C342}.Release|iPhoneSimulator.Build.0 = Release|iPhoneSimulator
	EndGlobalSection
	GlobalSection(SolutionProperties) = preSolution
		HideSolutionNode = FALSE
	EndGlobalSection
	GlobalSection(ExtensibilityGlobals) = postSolution
		SolutionGuid = {B5B66F78-A7CE-4039-96DB-C4DDD9DE1626}
	EndGlobalSection
EndGlobal
